
Microsoft Visual Studio Solution File, Format Version 12.00
Project("{FAE04EC0-301F-11D3-BF4B-00C04F79EFBC}") = "CustomTasks", ".\src\CustomTasks\CustomTasks.csproj", "{92C7175C-5076-4FEC-8B37-23D433F91694}"
EndProject
Project("{FAE04EC0-301F-11D3-BF4B-00C04F79EFBC}") = "MainLibrary", "src\MainLibrary\MainLibrary.csproj", "{E005996F-DD54-49E7-B79C-171B6157F752}"
EndProject
Project("{FAE04EC0-301F-11D3-BF4B-00C04F79EFBC}") = "TestProject", "src\TestProject\TestProject.csproj", "{11ABD319-FF4C-47A5-A55D-7C91A9AF77C1}"
EndProject
Project("{FAE04EC0-301F-11D3-BF4B-00C04F79EFBC}") = "InlineTask", "InlineTask\InlineTask.csproj", "{04F8FABF-1D31-4C2F-85AC-9DDAC165BCEF}"
EndProject
Project("{2150E333-8FDC-42A3-9474-1A3956D46DE8}") = "alternatives", "alternatives", "{4C83D913-5F05-49D2-8B52-3802999C9200}"
EndProject
Project("{FAE04EC0-301F-11D3-BF4B-00C04F79EFBC}") = "ExecTask", "ExecTask\ExecTask.csproj", "{F032095F-8850-4CEE-A141-6B1A35F008F6}"
EndProject
Project("{FAE04EC0-301F-11D3-BF4B-00C04F79EFBC}") = "Final", "Final\Final.csproj", "{E9D1045C-8D0B-4E70-94C9-54CE37D1E416}"
EndProject
Global
	GlobalSection(SolutionConfigurationPlatforms) = preSolution
		Debug|Any CPU = Debug|Any CPU
		Release|Any CPU = Release|Any CPU
	EndGlobalSection
	GlobalSection(ProjectConfigurationPlatforms) = postSolution
		{92C7175C-5076-4FEC-8B37-23D433F91694}.Debug|Any CPU.ActiveCfg = Debug|Any CPU
		{92C7175C-5076-4FEC-8B37-23D433F91694}.Debug|Any CPU.Build.0 = Debug|Any CPU
		{92C7175C-5076-4FEC-8B37-23D433F91694}.Release|Any CPU.ActiveCfg = Release|Any CPU
		{92C7175C-5076-4FEC-8B37-23D433F91694}.Release|Any CPU.Build.0 = Release|Any CPU
		{E005996F-DD54-49E7-B79C-171B6157F752}.Debug|Any CPU.ActiveCfg = Debug|Any CPU
		{E005996F-DD54-49E7-B79C-171B6157F752}.Debug|Any CPU.Build.0 = Debug|Any CPU
		{E005996F-DD54-49E7-B79C-171B6157F752}.Release|Any CPU.ActiveCfg = Release|Any CPU
		{E005996F-DD54-49E7-B79C-171B6157F752}.Release|Any CPU.Build.0 = Release|Any CPU
		{11ABD319-FF4C-47A5-A55D-7C91A9AF77C1}.Debug|Any CPU.ActiveCfg = Debug|Any CPU
		{11ABD319-FF4C-47A5-A55D-7C91A9AF77C1}.Debug|Any CPU.Build.0 = Debug|Any CPU
		{11ABD319-FF4C-47A5-A55D-7C91A9AF77C1}.Release|Any CPU.ActiveCfg = Release|Any CPU
		{11ABD319-FF4C-47A5-A55D-7C91A9AF77C1}.Release|Any CPU.Build.0 = Release|Any CPU
		{04F8FABF-1D31-4C2F-85AC-9DDAC165BCEF}.Debug|Any CPU.ActiveCfg = Debug|Any CPU
		{04F8FABF-1D31-4C2F-85AC-9DDAC165BCEF}.Debug|Any CPU.Build.0 = Debug|Any CPU
		{04F8FABF-1D31-4C2F-85AC-9DDAC165BCEF}.Release|Any CPU.ActiveCfg = Release|Any CPU
		{04F8FABF-1D31-4C2F-85AC-9DDAC165BCEF}.Release|Any CPU.Build.0 = Release|Any CPU
		{F032095F-8850-4CEE-A141-6B1A35F008F6}.Debug|Any CPU.ActiveCfg = Debug|Any CPU
		{F032095F-8850-4CEE-A141-6B1A35F008F6}.Debug|Any CPU.Build.0 = Debug|Any CPU
		{F032095F-8850-4CEE-A141-6B1A35F008F6}.Release|Any CPU.ActiveCfg = Release|Any CPU
		{F032095F-8850-4CEE-A141-6B1A35F008F6}.Release|Any CPU.Build.0 = Release|Any CPU
		{E9D1045C-8D0B-4E70-94C9-54CE37D1E416}.Debug|Any CPU.ActiveCfg = Debug|Any CPU
		{E9D1045C-8D0B-4E70-94C9-54CE37D1E416}.Debug|Any CPU.Build.0 = Debug|Any CPU
		{E9D1045C-8D0B-4E70-94C9-54CE37D1E416}.Release|Any CPU.ActiveCfg = Release|Any CPU
		{E9D1045C-8D0B-4E70-94C9-54CE37D1E416}.Release|Any CPU.Build.0 = Release|Any CPU
	EndGlobalSection
	GlobalSection(NestedProjects) = preSolution
		{04F8FABF-1D31-4C2F-85AC-9DDAC165BCEF} = {4C83D913-5F05-49D2-8B52-3802999C9200}
		{F032095F-8850-4CEE-A141-6B1A35F008F6} = {4C83D913-5F05-49D2-8B52-3802999C9200}
		{E9D1045C-8D0B-4E70-94C9-54CE37D1E416} = {4C83D913-5F05-49D2-8B52-3802999C9200}
	EndGlobalSection
EndGlobal
